{
    "hash": "d943de95f6deae0061427ac02e451e26",
    "packages": [
        {
            "package": "dflydev/markdown",
            "version": "v1.0.2"
        },
        {
            "package": "slim/extras",
            "version": "1.0.2"
        },
        {
            "package": "slim/slim",
            "version": "1.6.4"
        },
        {
            "package": "twig/twig",
            "version": "v1.9.1"
        }
    ],
    "packages-dev": null,
    "aliases": [

    ],
    "minimum-stability": "stable",
    "stability-flags": [

    ]
}
